{
  "name": "ai-native-development-coordinator",
  "version": "0.0.0",
  "lockfileVersion": 3,
  "requires": true,
  "packages": {
    "": {
      "name": "ai-native-development-coordinator",
      "version": "0.0.0",
      "workspaces": [
        "apps/*",
        "services/*",
        "packages/*",
        "adapters/*"
      ],
      "devDependencies": {
        "@types/node": "^24.0.0",
        "turbo": "^2.5.0",
        "typescript": "^5.9.0"
      },
      "engines": {
        "node": ">=24.0.0"
      }
    },
    "adapters/codex": {
      "name": "@coord/adapter-codex",
      "version": "0.0.0",
      "dependencies": {
        "@coord/agent-protocol": "*",
        "@coord/repository-service": "*",
        "@coord/shared-types": "*",
        "@coord/workspace-manager": "*"
      }
    },
    "adapters/generic-cli": {
      "name": "@coord/adapter-generic-cli",
      "version": "0.0.0",
      "dependencies": {
        "@coord/agent-protocol": "*",
        "@coord/repository-service": "*",
        "@coord/shared-types": "*",
        "@coord/workspace-manager": "*"
      }
    },
    "adapters/prompt-cli": {
      "name": "@coord/adapter-prompt-cli",
      "version": "0.0.0",
      "dependencies": {
        "@coord/agent-protocol": "*",
        "@coord/repository-service": "*",
        "@coord/shared-types": "*",
        "@coord/workspace-manager": "*"
      }
    },
    "apps/cli": {
      "name": "@coord/cli",
      "version": "0.0.0",
      "dependencies": {
        "@coord/adapter-codex": "*",
        "@coord/adapter-generic-cli": "*",
        "@coord/adapter-prompt-cli": "*",
        "@coord/agent-protocol": "*",
        "@coord/coordinator": "*",
        "@coord/integration-service": "*",
        "@coord/persistence": "*",
        "@coord/repository-service": "*",
        "@coord/shared-types": "*",
        "@coord/workspace-manager": "*"
      },
      "bin": {
        "coord": "dist/index.js"
      }
    },
    "apps/web": {
      "name": "@coord/web",
      "version": "0.0.0",
      "dependencies": {
        "@coord/adapter-prompt-cli": "*",
        "@coord/api-gateway": "*",
        "@coord/cli": "*",
        "@coord/code-intelligence": "*",
        "@coord/collab": "*",
        "@coord/coordinator": "*",
        "@coord/integration-service": "*",
        "@coord/persistence": "*",
        "@coord/repository-service": "*",
        "@coord/shared-types": "*",
        "@coord/workspace-manager": "*",
        "monaco-editor": "0.52.2"
      },
      "bin": {
        "coord-web": "dist/index.js"
      }
    },
    "apps/web/node_modules/monaco-editor": {
      "version": "0.52.2",
      "resolved": "https://registry.npmjs.org/monaco-editor/-/monaco-editor-0.52.2.tgz",
      "integrity": "sha512-GEQWEZmfkOGLdd3XK8ryrfWz3AIP8YymVXiPHEdewrUq7mh0qrKrfHLNCXcbB6sTnMLnOZ3ztSiKcciFUkIJwQ==",
      "license": "MIT"
    },
    "apps/worker": {
      "name": "@coord/worker",
      "version": "0.0.0",
      "dependencies": {
        "@coord/adapter-codex": "*",
        "@coord/adapter-generic-cli": "*",
        "@coord/adapter-prompt-cli": "*",
        "@coord/agent-protocol": "*",
        "@coord/api-gateway": "*",
        "@coord/cli": "*",
        "@coord/persistence": "*",
        "@coord/repository-service": "*",
        "@coord/shared-types": "*",
        "@coord/workspace-manager": "*"
      },
      "bin": {
        "coord-worker": "dist/index.js"
      }
    },
    "node_modules/@coord/adapter-codex": {
      "resolved": "adapters/codex",
      "link": true
    },
    "node_modules/@coord/adapter-generic-cli": {
      "resolved": "adapters/generic-cli",
      "link": true
    },
    "node_modules/@coord/adapter-prompt-cli": {
      "resolved": "adapters/prompt-cli",
      "link": true
    },
    "node_modules/@coord/agent-protocol": {
      "resolved": "packages/agent-protocol",
      "link": true
    },
    "node_modules/@coord/api-gateway": {
      "resolved": "services/api-gateway",
      "link": true
    },
    "node_modules/@coord/cli": {
      "resolved": "apps/cli",
      "link": true
    },
    "node_modules/@coord/code-intelligence": {
      "resolved": "services/code-intelligence",
      "link": true
    },
    "node_modules/@coord/collab": {
      "resolved": "packages/collab",
      "link": true
    },
    "node_modules/@coord/coordinator": {
      "resolved": "services/coordinator",
      "link": true
    },
    "node_modules/@coord/integration-service": {
      "resolved": "services/integration-service",
      "link": true
    },
    "node_modules/@coord/intent-analysis": {
      "resolved": "packages/intent-analysis",
      "link": true
    },
    "node_modules/@coord/persistence": {
      "resolved": "services/persistence",
      "link": true
    },
    "node_modules/@coord/repository-service": {
      "resolved": "services/repository-service",
      "link": true
    },
    "node_modules/@coord/shared-types": {
      "resolved": "packages/shared-types",
      "link": true
    },
    "node_modules/@coord/web": {
      "resolved": "apps/web",
      "link": true
    },
    "node_modules/@coord/worker": {
      "resolved": "apps/worker",
      "link": true
    },
    "node_modules/@coord/workspace-manager": {
      "resolved": "services/workspace-manager",
      "link": true
    },
    "node_modules/@turbo/darwin-64": {
      "version": "2.10.7",
      "resolved": "https://registry.npmjs.org/@turbo/darwin-64/-/darwin-64-2.10.7.tgz",
      "integrity": "sha512-/c9cSBRermWDv85oufLhoH6XRLOVbvzJLRd+WLyfJCP+i0HFLQj4PVNDrHcY17/ve5l8X0Oua4bJBqJUgJPnZA==",
      "cpu": [
        "x64"
      ],
      "dev": true,
      "license": "MIT",
      "optional": true,
      "os": [
        "darwin"
      ]
    },
    "node_modules/@turbo/darwin-arm64": {
      "version": "2.10.7",
      "resolved": "https://registry.npmjs.org/@turbo/darwin-arm64/-/darwin-arm64-2.10.7.tgz",
      "integrity": "sha512-8lpCCGWZBl9PIF8w8f2iEWrLMbHBWIfJeV6l2UEGqysD6HRIM4ySj/8R7HGEzbECJ4r/gnJcHmxEoG8yjFe64A==",
      "cpu": [
        "arm64"
      ],
      "dev": true,
      "license": "MIT",
      "optional": true,
      "os": [
        "darwin"
      ]
    },
    "node_modules/@turbo/linux-64": {
      "version": "2.10.7",
      "resolved": "https://registry.npmjs.org/@turbo/linux-64/-/linux-64-2.10.7.tgz",
      "integrity": "sha512-Midw9Ed00yw9rqkWN82fY3LmLNFQ6yiL1GXB56DJKUEjWaEd27zh7ohCxzzrjfjQVrEeVWd3UPytTAV16XDQlA==",
      "cpu": [
        "x64"
      ],
      "dev": true,
      "license": "MIT",
      "optional": true,
      "os": [
        "linux"
      ]
    },
    "node_modules/@turbo/linux-arm64": {
      "version": "2.10.7",
      "resolved": "https://registry.npmjs.org/@turbo/linux-arm64/-/linux-arm64-2.10.7.tgz",
      "integrity": "sha512-UVEy+MW/xn4BcsiV3v3uv0/oObyaQgVtRT+Jj4WE53rNH05VEYEc1Z13q3zV6276wCZR4Yxc4hiTTcjw7PjSpg==",
      "cpu": [
        "arm64"
      ],
      "dev": true,
      "license": "MIT",
      "optional": true,
      "os": [
        "linux"
      ]
    },
    "node_modules/@turbo/windows-64": {
      "version": "2.10.7",
      "resolved": "https://registry.npmjs.org/@turbo/windows-64/-/windows-64-2.10.7.tgz",
      "integrity": "sha512-l2nH9KGLV46SWjcXvyc2+xo5gdf5J0NVADknQk9OCJhzJBpiNl/byd26yIfwZBjLupdqT6UOdPhPxcpUPxRykQ==",
      "cpu": [
        "x64"
      ],
      "dev": true,
      "license": "MIT",
      "optional": true,
      "os": [
        "win32"
      ]
    },
    "node_modules/@turbo/windows-arm64": {
      "version": "2.10.7",
      "resolved": "https://registry.npmjs.org/@turbo/windows-arm64/-/windows-arm64-2.10.7.tgz",
      "integrity": "sha512-qjE1apG6RThuX49vUJd5ks2dV2ndXC2qktDChQonFMvUzrMrEnZMQzO+IgxBiYq1j+NbXQcRwj84nGnk1TBw1g==",
      "cpu": [
        "arm64"
      ],
      "dev": true,
      "license": "MIT",
      "optional": true,
      "os": [
        "win32"
      ]
    },
    "node_modules/@types/node": {
      "version": "24.13.3",
      "resolved": "https://registry.npmjs.org/@types/node/-/node-24.13.3.tgz",
      "integrity": "sha512-Dh8vAsV36ig5wa9OX4pXvMc9D3Veibfw2wix0CUwYODLD8nkj9UsLjASr49nPg+2eKzxhBV+v7L8pXvT4e639Q==",
      "dev": true,
      "license": "MIT",
      "dependencies": {
        "undici-types": "~7.18.0"
      }
    },
    "node_modules/@types/pg": {
      "version": "8.20.0",
      "resolved": "https://registry.npmjs.org/@types/pg/-/pg-8.20.0.tgz",
      "integrity": "sha512-bEPFOaMAHTEP1EzpvHTbmwR8UsFyHSKsRisLIHVMXnpNefSbGA1bD6CVy+qKjGSqmZqNqBDV2azOBo8TgkcVow==",
      "dev": true,
      "license": "MIT",
      "dependencies": {
        "@types/node": "*",
        "pg-protocol": "*",
        "pg-types": "^2.2.0"
      }
    },
    "node_modules/pg": {
      "version": "8.22.0",
      "resolved": "https://registry.npmjs.org/pg/-/pg-8.22.0.tgz",
      "integrity": "sha512-8wih1vVIBMxoUM2oB4soJsD9tDnDpLv4OXBJ+EJzFsvycD+lfyIreC2gGHq78f8jbLLt+bvlPTFdFZfJkOuzAA==",
      "license": "MIT",
      "dependencies": {
        "pg-connection-string": "^2.14.0",
        "pg-pool": "^3.14.0",
        "pg-protocol": "^1.15.0",
        "pg-types": "2.2.0",
        "pgpass": "1.0.5"
      },
      "engines": {
        "node": ">= 16.0.0"
      },
      "optionalDependencies": {
        "pg-cloudflare": "^1.4.0"
      },
      "peerDependencies": {
        "pg-native": ">=3.0.1"
      },
      "peerDependenciesMeta": {
        "pg-native": {
          "optional": true
        }
      }
    },
    "node_modules/pg-cloudflare": {
      "version": "1.4.0",
      "resolved": "https://registry.npmjs.org/pg-cloudflare/-/pg-cloudflare-1.4.0.tgz",
      "integrity": "sha512-Vo7z/6rrQYxpNRylp4Tlob2elzbh+N/MOQbxFVWCxS7oEx6jF53GTJFxK2WWpKuBRkmiin4Mt+xofFDjx09R0A==",
      "license": "MIT",
      "optional": true
    },
    "node_modules/pg-connection-string": {
      "version": "2.14.0",
      "resolved": "https://registry.npmjs.org/pg-connection-string/-/pg-connection-string-2.14.0.tgz",
      "integrity": "sha512-XwWDGcLRGCXAR8F/AM5bG7Q+A3Wm2s6QeEjlOKZLlH3UYcguiqCWKyWXVag5TLTIjR7oOJUY8kcADaZgWPyLeg==",
      "license": "MIT"
    },
    "node_modules/pg-int8": {
      "version": "1.0.1",
      "resolved": "https://registry.npmjs.org/pg-int8/-/pg-int8-1.0.1.tgz",
      "integrity": "sha512-WCtabS6t3c8SkpDBUlb1kjOs7l66xsGdKpIPZsg4wR+B3+u9UAum2odSsF9tnvxg80h4ZxLWMy4pRjOsFIqQpw==",
      "license": "ISC",
      "engines": {
        "node": ">=4.0.0"
      }
    },
    "node_modules/pg-pool": {
      "version": "3.14.0",
      "resolved": "https://registry.npmjs.org/pg-pool/-/pg-pool-3.14.0.tgz",
      "integrity": "sha512-gKtPkFdQPU3DksooVLi9LsjZxrsBUZIpa+7aVx+LV5pNh0KzP4Zleud2po+ConrxbuXGBJ6Hfer6hdgpIBpBaw==",
      "license": "MIT",
      "peerDependencies": {
        "pg": ">=8.0"
      }
    },
    "node_modules/pg-protocol": {
      "version": "1.15.0",
      "resolved": "https://registry.npmjs.org/pg-protocol/-/pg-protocol-1.15.0.tgz",
      "integrity": "sha512-cq9sECI5s0+uPUXjbz8ioyPJni6RzsRib0US67i5IoTZKw8fNeYlVE7u8F4dG7vEJJtc5wdD1K189lCCUwqWTQ==",
      "license": "MIT"
    },
    "node_modules/pg-types": {
      "version": "2.2.0",
      "resolved": "https://registry.npmjs.org/pg-types/-/pg-types-2.2.0.tgz",
      "integrity": "sha512-qTAAlrEsl8s4OiEQY69wDvcMIdQN6wdz5ojQiOy6YRMuynxenON0O5oCpJI6lshc6scgAY8qvJ2On/p+CXY0GA==",
      "license": "MIT",
      "dependencies": {
        "pg-int8": "1.0.1",
        "postgres-array": "~2.0.0",
        "postgres-bytea": "~1.0.0",
        "postgres-date": "~1.0.4",
        "postgres-interval": "^1.1.0"
      },
      "engines": {
        "node": ">=4"
      }
    },
    "node_modules/pgpass": {
      "version": "1.0.5",
      "resolved": "https://registry.npmjs.org/pgpass/-/pgpass-1.0.5.tgz",
      "integrity": "sha512-FdW9r/jQZhSeohs1Z3sI1yxFQNFvMcnmfuj4WBMUTxOrAyLMaTcE1aAMBiTlbMNaXvBCQuVi0R7hd8udDSP7ug==",
      "license": "MIT",
      "dependencies": {
        "split2": "^4.1.0"
      }
    },
    "node_modules/postgres-array": {
      "version": "2.0.0",
      "resolved": "https://registry.npmjs.org/postgres-array/-/postgres-array-2.0.0.tgz",
      "integrity": "sha512-VpZrUqU5A69eQyW2c5CA1jtLecCsN2U/bD6VilrFDWq5+5UIEVO7nazS3TEcHf1zuPYO/sqGvUvW62g86RXZuA==",
      "license": "MIT",
      "engines": {
        "node": ">=4"
      }
    },
    "node_modules/postgres-bytea": {
      "version": "1.0.1",
      "resolved": "https://registry.npmjs.org/postgres-bytea/-/postgres-bytea-1.0.1.tgz",
      "integrity": "sha512-5+5HqXnsZPE65IJZSMkZtURARZelel2oXUEO8rH83VS/hxH5vv1uHquPg5wZs8yMAfdv971IU+kcPUczi7NVBQ==",
      "license": "MIT",
      "engines": {
        "node": ">=0.10.0"
      }
    },
    "node_modules/postgres-date": {
      "version": "1.0.7",
      "resolved": "https://registry.npmjs.org/postgres-date/-/postgres-date-1.0.7.tgz",
      "integrity": "sha512-suDmjLVQg78nMK2UZ454hAG+OAW+HQPZ6n++TNDUX+L0+uUlLywnoxJKDou51Zm+zTCjrCl0Nq6J9C5hP9vK/Q==",
      "license": "MIT",
      "engines": {
        "node": ">=0.10.0"
      }
    },
    "node_modules/postgres-interval": {
      "version": "1.2.0",
      "resolved": "https://registry.npmjs.org/postgres-interval/-/postgres-interval-1.2.0.tgz",
      "integrity": "sha512-9ZhXKM/rw350N1ovuWHbGxnGh/SNJ4cnxHiM0rxE4VN41wsg8P8zWn9hv/buK00RP4WvlOyr/RBDiptyxVbkZQ==",
      "license": "MIT",
      "dependencies": {
        "xtend": "^4.0.0"
      },
      "engines": {
        "node": ">=0.10.0"
      }
    },
    "node_modules/split2": {
      "version": "4.2.0",
      "resolved": "https://registry.npmjs.org/split2/-/split2-4.2.0.tgz",
      "integrity": "sha512-UcjcJOWknrNkF6PLX83qcHM6KHgVKNkV62Y8a5uYDVv9ydGQVwAHMKqHdJje1VTWpljG0WYpCDhrCdAOYH4TWg==",
      "license": "ISC",
      "engines": {
        "node": ">= 10.x"
      }
    },
    "node_modules/turbo": {
      "version": "2.10.7",
      "resolved": "https://registry.npmjs.org/turbo/-/turbo-2.10.7.tgz",
      "integrity": "sha512-GHx6WExIFSKNJ5qMlzDpXBXlu9ApxaMjqxAVrCNcW94xf/+uqgIz41SAuRUMbXva2ExNAaY/h8V0q90SWSzmRw==",
      "dev": true,
      "license": "MIT",
      "bin": {
        "turbo": "bin/turbo"
      },
      "optionalDependencies": {
        "@turbo/darwin-64": "2.10.7",
        "@turbo/darwin-arm64": "2.10.7",
        "@turbo/linux-64": "2.10.7",
        "@turbo/linux-arm64": "2.10.7",
        "@turbo/windows-64": "2.10.7",
        "@turbo/windows-arm64": "2.10.7"
      }
    },
    "node_modules/typescript": {
      "version": "5.9.3",
      "resolved": "https://registry.npmjs.org/typescript/-/typescript-5.9.3.tgz",
      "integrity": "sha512-jl1vZzPDinLr9eUt3J/t7V6FgNEw9QjvBPdysz9KfQDD41fQrC2Y4vKQdiaUpFT4bXlb1RHhLpp8wtm6M5TgSw==",
      "license": "Apache-2.0",
      "bin": {
        "tsc": "bin/tsc",
        "tsserver": "bin/tsserver"
      },
      "engines": {
        "node": ">=14.17"
      }
    },
    "node_modules/undici-types": {
      "version": "7.18.2",
      "resolved": "https://registry.npmjs.org/undici-types/-/undici-types-7.18.2.tgz",
      "integrity": "sha512-AsuCzffGHJybSaRrmr5eHr81mwJU3kjw6M+uprWvCXiNeN9SOGwQ3Jn8jb8m3Z6izVgknn1R0FTCEAP2QrLY/w==",
      "dev": true,
      "license": "MIT"
    },
    "node_modules/wink-lemmatizer": {
      "version": "3.0.4",
      "resolved": "https://registry.npmjs.org/wink-lemmatizer/-/wink-lemmatizer-3.0.4.tgz",
      "integrity": "sha512-EdLJfy1xLF2ze2cp9Z3qiEWjiq+V8ZVRWiWooCXTXR0AyPxY8ezm4E0puJ0yIj5szzED9tcXV2U7RboaGvboFw==",
      "license": "MIT",
      "dependencies": {
        "wink-lexicon": "^2.2.0",
        "wink-porter2-stemmer": "^2.0.0"
      }
    },
    "node_modules/wink-lexicon": {
      "version": "2.2.0",
      "resolved": "https://registry.npmjs.org/wink-lexicon/-/wink-lexicon-2.2.0.tgz",
      "integrity": "sha512-QIuHS9r/HV6q3PCCz6pymg4gbsryW9wDk8CHdU+sDn0kJcHpECNDIcdY0Q/mZpqxtFLp9dzIw7pjcStLBbGZGg==",
      "license": "MIT"
    },
    "node_modules/wink-porter2-stemmer": {
      "version": "2.0.1",
      "resolved": "https://registry.npmjs.org/wink-porter2-stemmer/-/wink-porter2-stemmer-2.0.1.tgz",
      "integrity": "sha512-0g+RkkqhRXFmSpJQStVXW5N/WsshWpJXsoDRW7DwVkGI2uDT6IBCoq3xdH5p6IHLaC6ygk7RWUsUx4alKxoagQ==",
      "license": "MIT"
    },
    "node_modules/wordnet-db": {
      "version": "3.1.14",
      "resolved": "https://registry.npmjs.org/wordnet-db/-/wordnet-db-3.1.14.tgz",
      "integrity": "sha512-zVyFsvE+mq9MCmwXUWHIcpfbrHHClZWZiVOzKSxNJruIcFn2RbY55zkhiAMMxM8zCVSmtNiViq8FsAZSFpMYag==",
      "license": "MIT",
      "engines": {
        "node": ">=0.6.0"
      }
    },
    "node_modules/xtend": {
      "version": "4.0.2",
      "resolved": "https://registry.npmjs.org/xtend/-/xtend-4.0.2.tgz",
      "integrity": "sha512-LKYU1iAXJXUgAXn9URjiu+MWhyUXHsvfp7mcuYm9dSUKK0/CjtrUwFAxD82/mCWbtLsGjFIad0wIsod4zrTAEQ==",
      "license": "MIT",
      "engines": {
        "node": ">=0.4"
      }
    },
    "packages/agent-protocol": {
      "name": "@coord/agent-protocol",
      "version": "0.0.0",
      "dependencies": {
        "@coord/shared-types": "*"
      }
    },
    "packages/collab": {
      "name": "@coord/collab",
      "version": "0.0.0"
    },
    "packages/intent-analysis": {
      "name": "@coord/intent-analysis",
      "version": "0.0.0",
      "dependencies": {
        "wink-lemmatizer": "^3.0.4",
        "wordnet-db": "^3.1.14"
      }
    },
    "packages/shared-types": {
      "name": "@coord/shared-types",
      "version": "0.0.0"
    },
    "services/api-gateway": {
      "name": "@coord/api-gateway",
      "version": "0.0.0",
      "dependencies": {
        "@coord/collab": "*",
        "@coord/persistence": "*",
        "@coord/shared-types": "*"
      }
    },
    "services/code-intelligence": {
      "name": "@coord/code-intelligence",
      "version": "0.0.0",
      "dependencies": {
        "@coord/intent-analysis": "*",
        "@coord/repository-service": "*",
        "@coord/shared-types": "*",
        "typescript": "^5.9.0"
      }
    },
    "services/coordinator": {
      "name": "@coord/coordinator",
      "version": "0.0.0",
      "dependencies": {
        "@coord/agent-protocol": "*",
        "@coord/code-intelligence": "*",
        "@coord/integration-service": "*",
        "@coord/persistence": "*",
        "@coord/repository-service": "*",
        "@coord/shared-types": "*",
        "@coord/workspace-manager": "*"
      }
    },
    "services/integration-service": {
      "name": "@coord/integration-service",
      "version": "0.0.0",
      "dependencies": {
        "@coord/repository-service": "*",
        "@coord/shared-types": "*",
        "@coord/workspace-manager": "*"
      }
    },
    "services/persistence": {
      "name": "@coord/persistence",
      "version": "0.0.0",
      "dependencies": {
        "@coord/shared-types": "*",
        "pg": "^8.22.0"
      },
      "devDependencies": {
        "@types/pg": "^8.20.0"
      }
    },
    "services/repository-service": {
      "name": "@coord/repository-service",
      "version": "0.0.0",
      "dependencies": {
        "@coord/shared-types": "*"
      }
    },
    "services/workspace-manager": {
      "name": "@coord/workspace-manager",
      "version": "0.0.0",
      "dependencies": {
        "@coord/repository-service": "*",
        "@coord/shared-types": "*"
      }
    }
  }
}
